
Microsoft Visual Studio Solution File, Format Version 12.00
# Visual Studio Version 16
VisualStudioVersion = 16.0.31424.327
MinimumVisualStudioVersion = 10.0.40219.1
Project("{FAE04EC0-301F-11D3-BF4B-00C04F79EFBC}") = "MPass", "MPass\MPass.csproj", "{09110CDB-0E8F-4CF6-A260-271656469C6E}"
EndProject
Global
	GlobalSection(SolutionConfigurationPlatforms) = preSolution
		Debug|Any CPU = Debug|Any CPU
		Release|Any CPU = Release|Any CPU
	EndGlobalSection
	GlobalSection(ProjectConfigurationPlatforms) = postSolution
		{09110CDB-0E8F-4CF6-A260-271656469C6E}.Debug|Any CPU.ActiveCfg = Debug|Any CPU
		{09110CDB-0E8F-4CF6-A260-271656469C6E}.Debug|Any CPU.Build.0 = Debug|Any CPU
		{09110CDB-0E8F-4CF6-A260-271656469C6E}.Release|Any CPU.ActiveCfg = Release|Any CPU
		{09110CDB-0E8F-4CF6-A260-271656469C6E}.Release|Any CPU.Build.0 = Release|Any CPU
	EndGlobalSection
	GlobalSection(SolutionProperties) = preSolution
		HideSolutionNode = FALSE
	EndGlobalSection
	GlobalSection(ExtensibilityGlobals) = postSolution
		SolutionGuid = {656246BD-FFF6-4DA1-9D8E-D14BC516948B}
	EndGlobalSection
EndGlobal
